
Microsoft Visual Studio Solution File, Format Version 12.00
# Visual Studio 15
Project("{FAE04EC0-301F-11D3-BF4B-00C04F79EFBC}") = "Assembly-CSharp", "Assembly-CSharp.csproj", "{073CB3E1-2F7D-1185-A3BD-A95C3C7DB0E9}"
EndProject
Project("{FAE04EC0-301F-11D3-BF4B-00C04F79EFBC}") = "Tests", "Tests.csproj", "{ED1880E0-E36F-4F8F-8932-C44401A07A19}"
EndProject
Global
	GlobalSection(SolutionConfigurationPlatforms) = preSolution
		Debug|Any CPU = Debug|Any CPU
		Release|Any CPU = Release|Any CPU
	EndGlobalSection
	GlobalSection(ProjectConfigurationPlatforms) = postSolution
		{073CB3E1-2F7D-1185-A3BD-A95C3C7DB0E9}.Debug|Any CPU.ActiveCfg = Debug|Any CPU
		{073CB3E1-2F7D-1185-A3BD-A95C3C7DB0E9}.Debug|Any CPU.Build.0 = Debug|Any CPU
		{073CB3E1-2F7D-1185-A3BD-A95C3C7DB0E9}.Release|Any CPU.ActiveCfg = Release|Any CPU
		{073CB3E1-2F7D-1185-A3BD-A95C3C7DB0E9}.Release|Any CPU.Build.0 = Release|Any CPU
		{ED1880E0-E36F-4F8F-8932-C44401A07A19}.Debug|Any CPU.ActiveCfg = Debug|Any CPU
		{ED1880E0-E36F-4F8F-8932-C44401A07A19}.Debug|Any CPU.Build.0 = Debug|Any CPU
		{ED1880E0-E36F-4F8F-8932-C44401A07A19}.Release|Any CPU.ActiveCfg = Release|Any CPU
		{ED1880E0-E36F-4F8F-8932-C44401A07A19}.Release|Any CPU.Build.0 = Release|Any CPU
	EndGlobalSection
	GlobalSection(SolutionProperties) = preSolution
		HideSolutionNode = FALSE
	EndGlobalSection
EndGlobal
